<?xml version="1.0" encoding="utf-8"?>
<Project ToolsVersion="4.0" xmlns="http://schemas.microsoft.com/developer/msbuild/2003">
  <ItemGroup>
    <ClCompile Include="DirEnum.cpp">
      <Filter>Source Files</Filter>
    </ClCompile>
    <ClCompile Include="DirFinder.cpp">
      <Filter>Source Files</Filter>
    </ClCompile>
    <ClCompile Include="fd_main.cpp">
      <Filter>Source Files</Filter>
    </ClCompile>
    <ClCompile Include="Sha1.cpp">
      <Filter>Source Files</Filter>
    </ClCompile>
    <ClCompile Include="pch.cpp">
      <Filter>Resource Files</Filter>
    </ClCompile>
  </ItemGroup>
  <ItemGroup>
    <ClInclude Include="DirEnum.h">
      <Filter>Header Files</Filter>
    </ClInclude>
    <ClInclude Include="DirFinder.h">
      <Filter>Header Files</Filter>
    </ClInclude>
    <ClInclude Include="Sha1.h">
      <Filter>Header Files</Filter>
    </ClInclude>
    <ClInclude Include="pch.h">
      <Filter>Resource Files</Filter>
    </ClInclude>
  </ItemGroup>
  <ItemGroup>
    <Filter Include="Header Files">
      <UniqueIdentifier>{40e59e4c-ab65-4994-bfc6-41424c8f6f16}</UniqueIdentifier>
    </Filter>
    <Filter Include="Resource Files">
      <UniqueIdentifier>{5a090b89-3f5e-422d-ab17-c1304ff11f74}</UniqueIdentifier>
    </Filter>
    <Filter Include="Source Files">
      <UniqueIdentifier>{f439d0ce-fcc2-4a54-a7d1-d67bf7d36c58}</UniqueIdentifier>
    </Filter>
  </ItemGroup>
</Project>