
Microsoft Visual Studio Solution File, Format Version 12.00
# Visual Studio 15
VisualStudioVersion = 15.0.28010.2003
MinimumVisualStudioVersion = 10.0.40219.1
Project("{8BC9CEB8-8B4A-11D0-8D11-00A0C91BC942}") = "FileComparer", "FileComparer.vcxproj", "{2050659E-5297-4AE0-8B81-DCFE568E85AF}"
EndProject
Project("{8BC9CEB8-8B4A-11D0-8D11-00A0C91BC942}") = "FileFinder", "FileFinder.vcxproj", "{FDF3187D-6A6D-40B0-9466-E356F2EF4FEC}"
EndProject
Project("{8BC9CEB8-8B4A-11D0-8D11-00A0C91BC942}") = "DirFinder", "DirFinder.vcxproj", "{369E44D5-AB86-45AE-90D9-F8DAEA2F708C}"
EndProject
Global
	GlobalSection(SolutionConfigurationPlatforms) = preSolution
		Debug|x64 = Debug|x64
		Debug|x86 = Debug|x86
		Release|x64 = Release|x64
		Release|x86 = Release|x86
	EndGlobalSection
	GlobalSection(ProjectConfigurationPlatforms) = postSolution
		{2050659E-5297-4AE0-8B81-DCFE568E85AF}.Debug|x64.ActiveCfg = Debug|x64
		{2050659E-5297-4AE0-8B81-DCFE568E85AF}.Debug|x64.Build.0 = Debug|x64
		{2050659E-5297-4AE0-8B81-DCFE568E85AF}.Debug|x86.ActiveCfg = Debug|Win32
		{2050659E-5297-4AE0-8B81-DCFE568E85AF}.Debug|x86.Build.0 = Debug|Win32
		{2050659E-5297-4AE0-8B81-DCFE568E85AF}.Release|x64.ActiveCfg = Release|x64
		{2050659E-5297-4AE0-8B81-DCFE568E85AF}.Release|x64.Build.0 = Release|x64
		{2050659E-5297-4AE0-8B81-DCFE568E85AF}.Release|x86.ActiveCfg = Release|Win32
		{2050659E-5297-4AE0-8B81-DCFE568E85AF}.Release|x86.Build.0 = Release|Win32
		{FDF3187D-6A6D-40B0-9466-E356F2EF4FEC}.Debug|x64.ActiveCfg = Debug|x64
		{FDF3187D-6A6D-40B0-9466-E356F2EF4FEC}.Debug|x64.Build.0 = Debug|x64
		{FDF3187D-6A6D-40B0-9466-E356F2EF4FEC}.Debug|x86.ActiveCfg = Debug|Win32
		{FDF3187D-6A6D-40B0-9466-E356F2EF4FEC}.Debug|x86.Build.0 = Debug|Win32
		{FDF3187D-6A6D-40B0-9466-E356F2EF4FEC}.Release|x64.ActiveCfg = Release|x64
		{FDF3187D-6A6D-40B0-9466-E356F2EF4FEC}.Release|x64.Build.0 = Release|x64
		{FDF3187D-6A6D-40B0-9466-E356F2EF4FEC}.Release|x86.ActiveCfg = Release|Win32
		{FDF3187D-6A6D-40B0-9466-E356F2EF4FEC}.Release|x86.Build.0 = Release|Win32
		{369E44D5-AB86-45AE-90D9-F8DAEA2F708C}.Debug|x64.ActiveCfg = Debug|x64
		{369E44D5-AB86-45AE-90D9-F8DAEA2F708C}.Debug|x64.Build.0 = Debug|x64
		{369E44D5-AB86-45AE-90D9-F8DAEA2F708C}.Debug|x86.ActiveCfg = Debug|Win32
		{369E44D5-AB86-45AE-90D9-F8DAEA2F708C}.Debug|x86.Build.0 = Debug|Win32
		{369E44D5-AB86-45AE-90D9-F8DAEA2F708C}.Release|x64.ActiveCfg = Release|x64
		{369E44D5-AB86-45AE-90D9-F8DAEA2F708C}.Release|x64.Build.0 = Release|x64
		{369E44D5-AB86-45AE-90D9-F8DAEA2F708C}.Release|x86.ActiveCfg = Release|Win32
		{369E44D5-AB86-45AE-90D9-F8DAEA2F708C}.Release|x86.Build.0 = Release|Win32
	EndGlobalSection
	GlobalSection(SolutionProperties) = preSolution
		HideSolutionNode = FALSE
	EndGlobalSection
	GlobalSection(ExtensibilityGlobals) = postSolution
		SolutionGuid = {6F4C89AF-EBBC-4B42-B2E4-759BD3EE3541}
	EndGlobalSection
EndGlobal
